
Microsoft Visual Studio Solution File, Format Version 11.00
# Visual Studio 2010
Project("{FAE04EC0-301F-11D3-BF4B-00C04F79EFBC}") = "ud-asm3-master", "Assembly-CSharp.csproj", "{FFB7E437-71E4-46DC-53A1-B1A04C0AD928}"
EndProject
Global
	GlobalSection(SolutionConfigurationPlatforms) = preSolution
		Debug|Any CPU = Debug|Any CPU
		Release|Any CPU = Release|Any CPU
	EndGlobalSection
	GlobalSection(ProjectConfigurationPlatforms) = postSolution
		{FFB7E437-71E4-46DC-53A1-B1A04C0AD928}.Debug|Any CPU.ActiveCfg = Debug|Any CPU
		{FFB7E437-71E4-46DC-53A1-B1A04C0AD928}.Debug|Any CPU.Build.0 = Debug|Any CPU
		{FFB7E437-71E4-46DC-53A1-B1A04C0AD928}.Release|Any CPU.ActiveCfg = Release|Any CPU
		{FFB7E437-71E4-46DC-53A1-B1A04C0AD928}.Release|Any CPU.Build.0 = Release|Any CPU
	EndGlobalSection
	GlobalSection(SolutionProperties) = preSolution
		HideSolutionNode = FALSE
	EndGlobalSection
	GlobalSection(MonoDevelopProperties) = preSolution
		StartupItem = Assembly-CSharp.csproj
	EndGlobalSection
EndGlobal
